// !$*UTF8*$!
{
	archiveVersion = 1;
	classes = {
	};
	objectVersion = 55;
	objects = {

/* Begin PBXBuildFile section */
		680C194028CBB046006D1CD2 /* TimeTrialComparisonListView.swift in Sources */ = {isa = PBXBuildFile; fileRef = 680C193F28CBB046006D1CD2 /* TimeTrialComparisonListView.swift */; };
		680C194328CD49D4006D1CD2 /* TTestDTO.swift in Sources */ = {isa = PBXBuildFile; fileRef = 680C194228CD49D4006D1CD2 /* TTestDTO.swift */; };
		680C194628CD4A0E006D1CD2 /* StatisticalComparisonDTO.swift in Sources */ = {isa = PBXBuildFile; fileRef = 680C194528CD4A0E006D1CD2 /* StatisticalComparisonDTO.swift */; };
		680C194928CD4B09006D1CD2 /* TTestResult.swift in Sources */ = {isa = PBXBuildFile; fileRef = 680C194828CD4B09006D1CD2 /* TTestResult.swift */; };
		680C194E28CD4F0B006D1CD2 /* MeetSplitsComparisonView.swift in Sources */ = {isa = PBXBuildFile; fileRef = 680C194D28CD4F0B006D1CD2 /* MeetSplitsComparisonView.swift */; };
		680C195128CE4F94006D1CD2 /* SwiftUICharts in Frameworks */ = {isa = PBXBuildFile; productRef = 680C195028CE4F94006D1CD2 /* SwiftUICharts */; };
		680C195328CE50AA006D1CD2 /* SideBySideBarChart.swift in Sources */ = {isa = PBXBuildFile; fileRef = 680C195228CE50AA006D1CD2 /* SideBySideBarChart.swift */; };
		680C195528CE94EF006D1CD2 /* BarComparison.swift in Sources */ = {isa = PBXBuildFile; fileRef = 680C195428CE94EF006D1CD2 /* BarComparison.swift */; };
		680C195728CE9588006D1CD2 /* MeetSplitBarComparison.swift in Sources */ = {isa = PBXBuildFile; fileRef = 680C195628CE9588006D1CD2 /* MeetSplitBarComparison.swift */; };
		680C195928CF6237006D1CD2 /* MeetSplitsComparisonChart.swift in Sources */ = {isa = PBXBuildFile; fileRef = 680C195828CF6237006D1CD2 /* MeetSplitsComparisonChart.swift */; };
		680C195B28D10D44006D1CD2 /* LaunchScreen.storyboard in Resources */ = {isa = PBXBuildFile; fileRef = 680C195A28D10D43006D1CD2 /* LaunchScreen.storyboard */; };
		682255F428C17F160080B935 /* LoadingView.swift in Sources */ = {isa = PBXBuildFile; fileRef = 682255F328C17F160080B935 /* LoadingView.swift */; };
		682255F728C180BB0080B935 /* AggregateStatsResponse.swift in Sources */ = {isa = PBXBuildFile; fileRef = 682255F628C180BB0080B935 /* AggregateStatsResponse.swift */; };
		682255F928C181540080B935 /* AggregatePRStats.swift in Sources */ = {isa = PBXBuildFile; fileRef = 682255F828C181540080B935 /* AggregatePRStats.swift */; };
		682255FC28C1884D0080B935 /* AggregateStatsView.swift in Sources */ = {isa = PBXBuildFile; fileRef = 682255FB28C1884D0080B935 /* AggregateStatsView.swift */; };
		682255FE28C188E30080B935 /* Statistic.swift in Sources */ = {isa = PBXBuildFile; fileRef = 682255FD28C188E30080B935 /* Statistic.swift */; };
		6822560128C245470080B935 /* HistoricalMeetComparisonResponse.swift in Sources */ = {isa = PBXBuildFile; fileRef = 6822560028C245470080B935 /* HistoricalMeetComparisonResponse.swift */; };
		6822560428C2474C0080B935 /* GetHistoricalMeetComparisonView.swift in Sources */ = {isa = PBXBuildFile; fileRef = 6822560328C2474C0080B935 /* GetHistoricalMeetComparisonView.swift */; };
		6822560728C270110080B935 /* TimeTrialResultsResponse.swift in Sources */ = {isa = PBXBuildFile; fileRef = 6822560628C270110080B935 /* TimeTrialResultsResponse.swift */; };
		6822560928C270200080B935 /* TimeTrialResultsDTO.swift in Sources */ = {isa = PBXBuildFile; fileRef = 6822560828C270200080B935 /* TimeTrialResultsDTO.swift */; };
		6822560C28C2715C0080B935 /* TimeTrialResultsView.swift in Sources */ = {isa = PBXBuildFile; fileRef = 6822560B28C2715C0080B935 /* TimeTrialResultsView.swift */; };
		6822560E28C2742A0080B935 /* TimeTrialDTOView.swift in Sources */ = {isa = PBXBuildFile; fileRef = 6822560D28C2742A0080B935 /* TimeTrialDTOView.swift */; };
		682BF4ED28B79E7100A72AE1 /* PRDTO.swift in Sources */ = {isa = PBXBuildFile; fileRef = 682BF4EC28B79E7100A72AE1 /* PRDTO.swift */; };
		682BF4EF28B79EA200A72AE1 /* Performance.swift in Sources */ = {isa = PBXBuildFile; fileRef = 682BF4EE28B79EA200A72AE1 /* Performance.swift */; };
		682BF4F128B79EBD00A72AE1 /* MeetResult.swift in Sources */ = {isa = PBXBuildFile; fileRef = 682BF4F028B79EBC00A72AE1 /* MeetResult.swift */; };
		682BF4F328B79ED300A72AE1 /* Runner.swift in Sources */ = {isa = PBXBuildFile; fileRef = 682BF4F228B79ED300A72AE1 /* Runner.swift */; };
		684C5EAD28A90B66000C0271 /* TestProjectApp.swift in Sources */ = {isa = PBXBuildFile; fileRef = 684C5EAC28A90B66000C0271 /* TestProjectApp.swift */; };
		684C5EAF28A90B66000C0271 /* ContentView.swift in Sources */ = {isa = PBXBuildFile; fileRef = 684C5EAE28A90B66000C0271 /* ContentView.swift */; };
		684C5EB128A90B6A000C0271 /* Assets.xcassets in Resources */ = {isa = PBXBuildFile; fileRef = 684C5EB028A90B6A000C0271 /* Assets.xcassets */; };
		684C5EB428A90B6A000C0271 /* Preview Assets.xcassets in Resources */ = {isa = PBXBuildFile; fileRef = 684C5EB328A90B6A000C0271 /* Preview Assets.xcassets */; };
		6852C89328CABE04001851E1 /* TimeTrialResultComparedToPreviousYearView.swift in Sources */ = {isa = PBXBuildFile; fileRef = 6852C89228CABE04001851E1 /* TimeTrialResultComparedToPreviousYearView.swift */; };
		6852C89E28CB7FEE001851E1 /* Bar.swift in Sources */ = {isa = PBXBuildFile; fileRef = 6852C89D28CB7FEE001851E1 /* Bar.swift */; };
		6852C8A028CB839F001851E1 /* BarChartView.swift in Sources */ = {isa = PBXBuildFile; fileRef = 6852C89F28CB839F001851E1 /* BarChartView.swift */; };
		688B77FE28B5A1C2008B90F3 /* DataService.swift in Sources */ = {isa = PBXBuildFile; fileRef = 688B77FD28B5A1C2008B90F3 /* DataService.swift */; };
		688DA4C928C520770056C1B8 /* MeetInfoResponse.swift in Sources */ = {isa = PBXBuildFile; fileRef = 688DA4C828C520770056C1B8 /* MeetInfoResponse.swift */; };
		688DA4CD28C542FB0056C1B8 /* MeetsDTO.swift in Sources */ = {isa = PBXBuildFile; fileRef = 688DA4CC28C542FB0056C1B8 /* MeetsDTO.swift */; };
		688DA4D028C7A3BF0056C1B8 /* SeasonPickerView.swift in Sources */ = {isa = PBXBuildFile; fileRef = 688DA4CF28C7A3BF0056C1B8 /* SeasonPickerView.swift */; };
		688DA4D228C7A4AB0056C1B8 /* MeetPickerView.swift in Sources */ = {isa = PBXBuildFile; fileRef = 688DA4D128C7A4AB0056C1B8 /* MeetPickerView.swift */; };
		688DA4D428C7A58A0056C1B8 /* SeasonAndMeetPickerView.swift in Sources */ = {isa = PBXBuildFile; fileRef = 688DA4D328C7A58A0056C1B8 /* SeasonAndMeetPickerView.swift */; };
		688DA4D828C81DFC0056C1B8 /* RunnerPickerView.swift in Sources */ = {isa = PBXBuildFile; fileRef = 688DA4D728C81DFC0056C1B8 /* RunnerPickerView.swift */; };
		688DA4DA28C91D230056C1B8 /* TimeTrialProgressionResponse.swift in Sources */ = {isa = PBXBuildFile; fileRef = 688DA4D928C91D230056C1B8 /* TimeTrialProgressionResponse.swift */; };
		688DA4DC28C91D610056C1B8 /* TimeTrialProgression.swift in Sources */ = {isa = PBXBuildFile; fileRef = 688DA4DB28C91D610056C1B8 /* TimeTrialProgression.swift */; };
		688DA4E228C922800056C1B8 /* TimeTrialToSBProgressionView.swift in Sources */ = {isa = PBXBuildFile; fileRef = 688DA4E128C9227F0056C1B8 /* TimeTrialToSBProgressionView.swift */; };
		688DA4E428C924B70056C1B8 /* TimeTrialToSBResultView.swift in Sources */ = {isa = PBXBuildFile; fileRef = 688DA4E328C924B70056C1B8 /* TimeTrialToSBResultView.swift */; };
		688DA4E628C9286B0056C1B8 /* TimeTrialProgressions.swift in Sources */ = {isa = PBXBuildFile; fileRef = 688DA4E528C9286B0056C1B8 /* TimeTrialProgressions.swift */; };
		688DA4EB28CA78E60056C1B8 /* TimeTrialCompareRunnersToPreviousearResponse.swift in Sources */ = {isa = PBXBuildFile; fileRef = 688DA4EA28CA78E60056C1B8 /* TimeTrialCompareRunnersToPreviousearResponse.swift */; };
		688DA4ED28CA79280056C1B8 /* RunnerTimeTrialComparisonToPreviousYearDTO.swift in Sources */ = {isa = PBXBuildFile; fileRef = 688DA4EC28CA79280056C1B8 /* RunnerTimeTrialComparisonToPreviousYearDTO.swift */; };
		688DA4F028CA7B130056C1B8 /* TimeTrialReturningRunnersComparisonView.swift in Sources */ = {isa = PBXBuildFile; fileRef = 688DA4EF28CA7B130056C1B8 /* TimeTrialReturningRunnersComparisonView.swift */; };
		6895852428B7C3FA00AA4209 /* PerformanceView.swift in Sources */ = {isa = PBXBuildFile; fileRef = 6895852328B7C3FA00AA4209 /* PerformanceView.swift */; };
		6895852628B7C6D000AA4209 /* PerformanceList.swift in Sources */ = {isa = PBXBuildFile; fileRef = 6895852528B7C6D000AA4209 /* PerformanceList.swift */; };
		6895852A28B7F70700AA4209 /* GetPRsView.swift in Sources */ = {isa = PBXBuildFile; fileRef = 6895852928B7F70700AA4209 /* GetPRsView.swift */; };
		6895853328B7FFFA00AA4209 /* MeetPerformanceResponse.swift in Sources */ = {isa = PBXBuildFile; fileRef = 6895853228B7FFFA00AA4209 /* MeetPerformanceResponse.swift */; };
		689734DF28B8073E00744B2E /* GetMeetResultsView.swift in Sources */ = {isa = PBXBuildFile; fileRef = 689734DE28B8073E00744B2E /* GetMeetResultsView.swift */; };
		689734E128B83F7E00744B2E /* MeetPerformance.swift in Sources */ = {isa = PBXBuildFile; fileRef = 689734E028B83F7E00744B2E /* MeetPerformance.swift */; };
		689734E328B8400300744B2E /* MeetPerformanceList.swift in Sources */ = {isa = PBXBuildFile; fileRef = 689734E228B8400300744B2E /* MeetPerformanceList.swift */; };
		689734E528B8404300744B2E /* MeetPerformanceView.swift in Sources */ = {isa = PBXBuildFile; fileRef = 689734E428B8404300744B2E /* MeetPerformanceView.swift */; };
		689734E828B8492000744B2E /* MeetSplitsForRunnerResponse.swift in Sources */ = {isa = PBXBuildFile; fileRef = 689734E728B8492000744B2E /* MeetSplitsForRunnerResponse.swift */; };
		689734EA28B84A0800744B2E /* MeetSplit.swift in Sources */ = {isa = PBXBuildFile; fileRef = 689734E928B84A0800744B2E /* MeetSplit.swift */; };
		689734EC28B84A8B00744B2E /* Splits.swift in Sources */ = {isa = PBXBuildFile; fileRef = 689734EB28B84A8B00744B2E /* Splits.swift */; };
		689734EF28B84BB600744B2E /* GetMeetSplitsView.swift in Sources */ = {isa = PBXBuildFile; fileRef = 689734EE28B84BB600744B2E /* GetMeetSplitsView.swift */; };
		689734F128B84C7800744B2E /* MeetSplitView.swift in Sources */ = {isa = PBXBuildFile; fileRef = 689734F028B84C7800744B2E /* MeetSplitView.swift */; };
		689734F328B8CDE600744B2E /* MeetSplitsList.swift in Sources */ = {isa = PBXBuildFile; fileRef = 689734F228B8CDE600744B2E /* MeetSplitsList.swift */; };
		689734F628BA5B3F00744B2E /* ImprovedUpon.swift in Sources */ = {isa = PBXBuildFile; fileRef = 689734F528BA5B3F00744B2E /* ImprovedUpon.swift */; };
		689734F928BA5EDB00744B2E /* MeetSumaryResponse.swift in Sources */ = {isa = PBXBuildFile; fileRef = 689734F828BA5EDB00744B2E /* MeetSumaryResponse.swift */; };
		689734FB28BA5F2800744B2E /* PRsCount.swift in Sources */ = {isa = PBXBuildFile; fileRef = 689734FA28BA5F2800744B2E /* PRsCount.swift */; };
		689734FE28BA60F400744B2E /* GetMeetSummaryView.swift in Sources */ = {isa = PBXBuildFile; fileRef = 689734FD28BA60F400744B2E /* GetMeetSummaryView.swift */; };
		6897350028BA632D00744B2E /* MeetSummaryPerformanceList.swift in Sources */ = {isa = PBXBuildFile; fileRef = 689734FF28BA632D00744B2E /* MeetSummaryPerformanceList.swift */; };
		6897350228BA63EA00744B2E /* MeetSummaryPRsView.swift in Sources */ = {isa = PBXBuildFile; fileRef = 6897350128BA63EA00744B2E /* MeetSummaryPRsView.swift */; };
		6897350428BA64A900744B2E /* PerformanceViewWithImprovement.swift in Sources */ = {isa = PBXBuildFile; fileRef = 6897350328BA64A900744B2E /* PerformanceViewWithImprovement.swift */; };
		6897350728BA956000744B2E /* SBsCount.swift in Sources */ = {isa = PBXBuildFile; fileRef = 6897350628BA956000744B2E /* SBsCount.swift */; };
		6897350B28BA98CA00744B2E /* MeetSummarySBsView.swift in Sources */ = {isa = PBXBuildFile; fileRef = 6897350A28BA98CA00744B2E /* MeetSummarySBsView.swift */; };
		6897350D28BAA1E000744B2E /* MeetYearToYearProgression.swift in Sources */ = {isa = PBXBuildFile; fileRef = 6897350C28BAA1E000744B2E /* MeetYearToYearProgression.swift */; };
		6897350F28BAA28500744B2E /* FasterProgression.swift in Sources */ = {isa = PBXBuildFile; fileRef = 6897350E28BAA28500744B2E /* FasterProgression.swift */; };
		6897351128BAA34100744B2E /* ProgressionData.swift in Sources */ = {isa = PBXBuildFile; fileRef = 6897351028BAA34100744B2E /* ProgressionData.swift */; };
		6897351328BAA5D600744B2E /* MeeSummaryYearToYearProgressionView.swift in Sources */ = {isa = PBXBuildFile; fileRef = 6897351228BAA5D600744B2E /* MeeSummaryYearToYearProgressionView.swift */; };
		6897351528BAA68100744B2E /* MeetYearToYearProgressionList.swift in Sources */ = {isa = PBXBuildFile; fileRef = 6897351428BAA68100744B2E /* MeetYearToYearProgressionList.swift */; };
		6897351728BAABE800744B2E /* ProgressionList.swift in Sources */ = {isa = PBXBuildFile; fileRef = 6897351628BAABE800744B2E /* ProgressionList.swift */; };
		6897351928BAADA200744B2E /* ProgressionView.swift in Sources */ = {isa = PBXBuildFile; fileRef = 6897351828BAADA200744B2E /* ProgressionView.swift */; };
		6897351D28BBB28100744B2E /* MeetSplitStatisticResponse.swift in Sources */ = {isa = PBXBuildFile; fileRef = 6897351C28BBB28100744B2E /* MeetSplitStatisticResponse.swift */; };
		6897352128BBB2B100744B2E /* MeetSplitSummaryStat.swift in Sources */ = {isa = PBXBuildFile; fileRef = 6897352028BBB2B100744B2E /* MeetSplitSummaryStat.swift */; };
		6897352328BBB46300744B2E /* MeetSplitSummaryView.swift in Sources */ = {isa = PBXBuildFile; fileRef = 6897352228BBB46300744B2E /* MeetSplitSummaryView.swift */; };
		6897352528BBE61000744B2E /* SummaryImprovementLastMeet.swift in Sources */ = {isa = PBXBuildFile; fileRef = 6897352428BBE61000744B2E /* SummaryImprovementLastMeet.swift */; };
		6897352728BBE96200744B2E /* MeetToMeetProgressions.swift in Sources */ = {isa = PBXBuildFile; fileRef = 6897352628BBE96200744B2E /* MeetToMeetProgressions.swift */; };
		6897352928BBE9A300744B2E /* ImprovementRateDTO.swift in Sources */ = {isa = PBXBuildFile; fileRef = 6897352828BBE9A300744B2E /* ImprovementRateDTO.swift */; };
		6897352B28BBF0D500744B2E /* GetImprovementFromLastMeetView.swift in Sources */ = {isa = PBXBuildFile; fileRef = 6897352A28BBF0D500744B2E /* GetImprovementFromLastMeetView.swift */; };
		6897352D28BBF1A400744B2E /* MeetToMeetProgressionList.swift in Sources */ = {isa = PBXBuildFile; fileRef = 6897352C28BBF1A400744B2E /* MeetToMeetProgressionList.swift */; };
		6897352F28BBF8B400744B2E /* MeetToMeetProgressionView.swift in Sources */ = {isa = PBXBuildFile; fileRef = 6897352E28BBF8B400744B2E /* MeetToMeetProgressionView.swift */; };
		6897353B28BC00DA00744B2E /* Extension.swift in Sources */ = {isa = PBXBuildFile; fileRef = 6897353A28BC00DA00744B2E /* Extension.swift */; };
		6897353E28BED56C00744B2E /* RunnerProfileResponse.swift in Sources */ = {isa = PBXBuildFile; fileRef = 6897353D28BED56B00744B2E /* RunnerProfileResponse.swift */; };
		6897354228BED70E00744B2E /* GetRunnerProfileView.swift in Sources */ = {isa = PBXBuildFile; fileRef = 6897354128BED70E00744B2E /* GetRunnerProfileView.swift */; };
		6897354428BEDE6900744B2E /* RunnerProfile.swift in Sources */ = {isa = PBXBuildFile; fileRef = 6897354328BEDE6900744B2E /* RunnerProfile.swift */; };
		6897354628BEE03500744B2E /* RunnerProfileSeasonBestDTO.swift in Sources */ = {isa = PBXBuildFile; fileRef = 6897354528BEE03500744B2E /* RunnerProfileSeasonBestDTO.swift */; };
		6897354828BEE37000744B2E /* MostConsistentRaceDTO.swift in Sources */ = {isa = PBXBuildFile; fileRef = 6897354728BEE37000744B2E /* MostConsistentRaceDTO.swift */; };
		6897354A28BEE41D00744B2E /* RaceConsistencyRankDTO.swift in Sources */ = {isa = PBXBuildFile; fileRef = 6897354928BEE41D00744B2E /* RaceConsistencyRankDTO.swift */; };
		6897354C28BEE50300744B2E /* ProgressionRankDTO.swift in Sources */ = {isa = PBXBuildFile; fileRef = 6897354B28BEE50300744B2E /* ProgressionRankDTO.swift */; };
		6897354E28BEE78F00744B2E /* RunnerProfilePR.swift in Sources */ = {isa = PBXBuildFile; fileRef = 6897354D28BEE78F00744B2E /* RunnerProfilePR.swift */; };
		6897355028BF752600744B2E /* MeetResultList.swift in Sources */ = {isa = PBXBuildFile; fileRef = 6897354F28BF752600744B2E /* MeetResultList.swift */; };
		6897355228BF755F00744B2E /* MeetResultView.swift in Sources */ = {isa = PBXBuildFile; fileRef = 6897355128BF755F00744B2E /* MeetResultView.swift */; };
		6897355428BF876E00744B2E /* SeasonBestProfileView.swift in Sources */ = {isa = PBXBuildFile; fileRef = 6897355328BF876E00744B2E /* SeasonBestProfileView.swift */; };
		6897355628BF890500744B2E /* RunnerProfileSplitsView.swift in Sources */ = {isa = PBXBuildFile; fileRef = 6897355528BF890500744B2E /* RunnerProfileSplitsView.swift */; };
		6897355A28BFA37800744B2E /* PRRunnerProfileView.swift in Sources */ = {isa = PBXBuildFile; fileRef = 6897355928BFA37800744B2E /* PRRunnerProfileView.swift */; };
		6897355D28BFA8D400744B2E /* CustomDivider.swift in Sources */ = {isa = PBXBuildFile; fileRef = 6897355C28BFA8D400744B2E /* CustomDivider.swift */; };
		6897355F28BFB09400744B2E /* TimeTrialProgressionView.swift in Sources */ = {isa = PBXBuildFile; fileRef = 6897355E28BFB09400744B2E /* TimeTrialProgressionView.swift */; };
		6897356128BFB20A00744B2E /* AdjustedTimeTrialView.swift in Sources */ = {isa = PBXBuildFile; fileRef = 6897356028BFB20A00744B2E /* AdjustedTimeTrialView.swift */; };
		6897356328BFB2D900744B2E /* RaceConsistencyRankView.swift in Sources */ = {isa = PBXBuildFile; fileRef = 6897356228BFB2D900744B2E /* RaceConsistencyRankView.swift */; };
		68B4C42828C0C43C00C38553 /* MeetResultsForRunnerResponse.swift in Sources */ = {isa = PBXBuildFile; fileRef = 68B4C42728C0C43C00C38553 /* MeetResultsForRunnerResponse.swift */; };
		68B4C42A28C0C46E00C38553 /* RunnerMeetPerformanceDTO.swift in Sources */ = {isa = PBXBuildFile; fileRef = 68B4C42928C0C46E00C38553 /* RunnerMeetPerformanceDTO.swift */; };
		68B4C42C28C0C6F700C38553 /* GetMeetResultsForRunnerView.swift in Sources */ = {isa = PBXBuildFile; fileRef = 68B4C42B28C0C6F700C38553 /* GetMeetResultsForRunnerView.swift */; };
/* End PBXBuildFile section */

/* Begin PBXFileReference section */
		680C193F28CBB046006D1CD2 /* TimeTrialComparisonListView.swift */ = {isa = PBXFileReference; lastKnownFileType = sourcecode.swift; path = TimeTrialComparisonListView.swift; sourceTree = "<group>"; };
		680C194228CD49D4006D1CD2 /* TTestDTO.swift */ = {isa = PBXFileReference; lastKnownFileType = sourcecode.swift; path = TTestDTO.swift; sourceTree = "<group>"; };
		680C194528CD4A0E006D1CD2 /* StatisticalComparisonDTO.swift */ = {isa = PBXFileReference; lastKnownFileType = sourcecode.swift; path = StatisticalComparisonDTO.swift; sourceTree = "<group>"; };
		680C194828CD4B09006D1CD2 /* TTestResult.swift */ = {isa = PBXFileReference; lastKnownFileType = sourcecode.swift; path = TTestResult.swift; sourceTree = "<group>"; };
		680C194D28CD4F0B006D1CD2 /* MeetSplitsComparisonView.swift */ = {isa = PBXFileReference; lastKnownFileType = sourcecode.swift; path = MeetSplitsComparisonView.swift; sourceTree = "<group>"; };
		680C195228CE50AA006D1CD2 /* SideBySideBarChart.swift */ = {isa = PBXFileReference; lastKnownFileType = sourcecode.swift; path = SideBySideBarChart.swift; sourceTree = "<group>"; };
		680C195428CE94EF006D1CD2 /* BarComparison.swift */ = {isa = PBXFileReference; lastKnownFileType = sourcecode.swift; path = BarComparison.swift; sourceTree = "<group>"; };
		680C195628CE9588006D1CD2 /* MeetSplitBarComparison.swift */ = {isa = PBXFileReference; lastKnownFileType = sourcecode.swift; path = MeetSplitBarComparison.swift; sourceTree = "<group>"; };
		680C195828CF6237006D1CD2 /* MeetSplitsComparisonChart.swift */ = {isa = PBXFileReference; lastKnownFileType = sourcecode.swift; path = MeetSplitsComparisonChart.swift; sourceTree = "<group>"; };
		680C195A28D10D43006D1CD2 /* LaunchScreen.storyboard */ = {isa = PBXFileReference; lastKnownFileType = file.storyboard; path = LaunchScreen.storyboard; sourceTree = "<group>"; };
		682255F328C17F160080B935 /* LoadingView.swift */ = {isa = PBXFileReference; lastKnownFileType = sourcecode.swift; path = LoadingView.swift; sourceTree = "<group>"; };
		682255F628C180BB0080B935 /* AggregateStatsResponse.swift */ = {isa = PBXFileReference; lastKnownFileType = sourcecode.swift; path = AggregateStatsResponse.swift; sourceTree = "<group>"; };
		682255F828C181540080B935 /* AggregatePRStats.swift */ = {isa = PBXFileReference; lastKnownFileType = sourcecode.swift; path = AggregatePRStats.swift; sourceTree = "<group>"; };
		682255FB28C1884D0080B935 /* AggregateStatsView.swift */ = {isa = PBXFileReference; lastKnownFileType = sourcecode.swift; path = AggregateStatsView.swift; sourceTree = "<group>"; };
		682255FD28C188E30080B935 /* Statistic.swift */ = {isa = PBXFileReference; lastKnownFileType = sourcecode.swift; path = Statistic.swift; sourceTree = "<group>"; };
		6822560028C245470080B935 /* HistoricalMeetComparisonResponse.swift */ = {isa = PBXFileReference; lastKnownFileType = sourcecode.swift; path = HistoricalMeetComparisonResponse.swift; sourceTree = "<group>"; };
		6822560328C2474C0080B935 /* GetHistoricalMeetComparisonView.swift */ = {isa = PBXFileReference; lastKnownFileType = sourcecode.swift; path = GetHistoricalMeetComparisonView.swift; sourceTree = "<group>"; };
		6822560628C270110080B935 /* TimeTrialResultsResponse.swift */ = {isa = PBXFileReference; lastKnownFileType = sourcecode.swift; path = TimeTrialResultsResponse.swift; sourceTree = "<group>"; };
		6822560828C270200080B935 /* TimeTrialResultsDTO.swift */ = {isa = PBXFileReference; lastKnownFileType = sourcecode.swift; path = TimeTrialResultsDTO.swift; sourceTree = "<group>"; };
		6822560B28C2715C0080B935 /* TimeTrialResultsView.swift */ = {isa = PBXFileReference; lastKnownFileType = sourcecode.swift; path = TimeTrialResultsView.swift; sourceTree = "<group>"; };
		6822560D28C2742A0080B935 /* TimeTrialDTOView.swift */ = {isa = PBXFileReference; lastKnownFileType = sourcecode.swift; path = TimeTrialDTOView.swift; sourceTree = "<group>"; };
		682BF4EC28B79E7100A72AE1 /* PRDTO.swift */ = {isa = PBXFileReference; lastKnownFileType = sourcecode.swift; path = PRDTO.swift; sourceTree = "<group>"; };
		682BF4EE28B79EA200A72AE1 /* Performance.swift */ = {isa = PBXFileReference; lastKnownFileType = sourcecode.swift; path = Performance.swift; sourceTree = "<group>"; };
		682BF4F028B79EBC00A72AE1 /* MeetResult.swift */ = {isa = PBXFileReference; lastKnownFileType = sourcecode.swift; path = MeetResult.swift; sourceTree = "<group>"; };
		682BF4F228B79ED300A72AE1 /* Runner.swift */ = {isa = PBXFileReference; lastKnownFileType = sourcecode.swift; path = Runner.swift; sourceTree = "<group>"; };
		684C5EA928A90B66000C0271 /* UAXC.app */ = {isa = PBXFileReference; explicitFileType = wrapper.application; includeInIndex = 0; path = UAXC.app; sourceTree = BUILT_PRODUCTS_DIR; };
		684C5EAC28A90B66000C0271 /* TestProjectApp.swift */ = {isa = PBXFileReference; lastKnownFileType = sourcecode.swift; path = TestProjectApp.swift; sourceTree = "<group>"; };
		684C5EAE28A90B66000C0271 /* ContentView.swift */ = {isa = PBXFileReference; lastKnownFileType = sourcecode.swift; path = ContentView.swift; sourceTree = "<group>"; };
		684C5EB028A90B6A000C0271 /* Assets.xcassets */ = {isa = PBXFileReference; lastKnownFileType = folder.assetcatalog; path = Assets.xcassets; sourceTree = "<group>"; };
		684C5EB328A90B6A000C0271 /* Preview Assets.xcassets */ = {isa = PBXFileReference; lastKnownFileType = folder.assetcatalog; path = "Preview Assets.xcassets"; sourceTree = "<group>"; };
		6852C89228CABE04001851E1 /* TimeTrialResultComparedToPreviousYearView.swift */ = {isa = PBXFileReference; lastKnownFileType = sourcecode.swift; path = TimeTrialResultComparedToPreviousYearView.swift; sourceTree = "<group>"; };
		6852C89D28CB7FEE001851E1 /* Bar.swift */ = {isa = PBXFileReference; lastKnownFileType = sourcecode.swift; path = Bar.swift; sourceTree = "<group>"; };
		6852C89F28CB839F001851E1 /* BarChartView.swift */ = {isa = PBXFileReference; lastKnownFileType = sourcecode.swift; path = BarChartView.swift; sourceTree = "<group>"; };
		688B77FD28B5A1C2008B90F3 /* DataService.swift */ = {isa = PBXFileReference; lastKnownFileType = sourcecode.swift; path = DataService.swift; sourceTree = "<group>"; };
		688DA4C828C520770056C1B8 /* MeetInfoResponse.swift */ = {isa = PBXFileReference; lastKnownFileType = sourcecode.swift; path = MeetInfoResponse.swift; sourceTree = "<group>"; };
		688DA4CC28C542FB0056C1B8 /* MeetsDTO.swift */ = {isa = PBXFileReference; lastKnownFileType = sourcecode.swift; path = MeetsDTO.swift; sourceTree = "<group>"; };
		688DA4CF28C7A3BF0056C1B8 /* SeasonPickerView.swift */ = {isa = PBXFileReference; lastKnownFileType = sourcecode.swift; path = SeasonPickerView.swift; sourceTree = "<group>"; };
		688DA4D128C7A4AB0056C1B8 /* MeetPickerView.swift */ = {isa = PBXFileReference; lastKnownFileType = sourcecode.swift; path = MeetPickerView.swift; sourceTree = "<group>"; };
		688DA4D328C7A58A0056C1B8 /* SeasonAndMeetPickerView.swift */ = {isa = PBXFileReference; lastKnownFileType = sourcecode.swift; path = SeasonAndMeetPickerView.swift; sourceTree = "<group>"; };
		688DA4D728C81DFC0056C1B8 /* RunnerPickerView.swift */ = {isa = PBXFileReference; lastKnownFileType = sourcecode.swift; path = RunnerPickerView.swift; sourceTree = "<group>"; };
		688DA4D928C91D230056C1B8 /* TimeTrialProgressionResponse.swift */ = {isa = PBXFileReference; lastKnownFileType = sourcecode.swift; path = TimeTrialProgressionResponse.swift; sourceTree = "<group>"; };
		688DA4DB28C91D610056C1B8 /* TimeTrialProgression.swift */ = {isa = PBXFileReference; lastKnownFileType = sourcecode.swift; path = TimeTrialProgression.swift; sourceTree = "<group>"; };
		688DA4E128C9227F0056C1B8 /* TimeTrialToSBProgressionView.swift */ = {isa = PBXFileReference; lastKnownFileType = sourcecode.swift; path = TimeTrialToSBProgressionView.swift; sourceTree = "<group>"; };
		688DA4E328C924B70056C1B8 /* TimeTrialToSBResultView.swift */ = {isa = PBXFileReference; lastKnownFileType = sourcecode.swift; path = TimeTrialToSBResultView.swift; sourceTree = "<group>"; };
		688DA4E528C9286B0056C1B8 /* TimeTrialProgressions.swift */ = {isa = PBXFileReference; lastKnownFileType = sourcecode.swift; path = TimeTrialProgressions.swift; sourceTree = "<group>"; };
		688DA4EA28CA78E60056C1B8 /* TimeTrialCompareRunnersToPreviousearResponse.swift */ = {isa = PBXFileReference; lastKnownFileType = sourcecode.swift; path = TimeTrialCompareRunnersToPreviousearResponse.swift; sourceTree = "<group>"; };
		688DA4EC28CA79280056C1B8 /* RunnerTimeTrialComparisonToPreviousYearDTO.swift */ = {isa = PBXFileReference; lastKnownFileType = sourcecode.swift; path = RunnerTimeTrialComparisonToPreviousYearDTO.swift; sourceTree = "<group>"; };
		688DA4EF28CA7B130056C1B8 /* TimeTrialReturningRunnersComparisonView.swift */ = {isa = PBXFileReference; lastKnownFileType = sourcecode.swift; path = TimeTrialReturningRunnersComparisonView.swift; sourceTree = "<group>"; };
		6895852228B7AD4E00AA4209 /* Info.plist */ = {isa = PBXFileReference; lastKnownFileType = text.plist; path = Info.plist; sourceTree = "<group>"; };
		6895852328B7C3FA00AA4209 /* PerformanceView.swift */ = {isa = PBXFileReference; lastKnownFileType = sourcecode.swift; path = PerformanceView.swift; sourceTree = "<group>"; };
		6895852528B7C6D000AA4209 /* PerformanceList.swift */ = {isa = PBXFileReference; lastKnownFileType = sourcecode.swift; path = PerformanceList.swift; sourceTree = "<group>"; };
		6895852928B7F70700AA4209 /* GetPRsView.swift */ = {isa = PBXFileReference; lastKnownFileType = sourcecode.swift; path = GetPRsView.swift; sourceTree = "<group>"; };
		6895853228B7FFFA00AA4209 /* MeetPerformanceResponse.swift */ = {isa = PBXFileReference; lastKnownFileType = sourcecode.swift; path = MeetPerformanceResponse.swift; sourceTree = "<group>"; };
		689734DE28B8073E00744B2E /* GetMeetResultsView.swift */ = {isa = PBXFileReference; lastKnownFileType = sourcecode.swift; path = GetMeetResultsView.swift; sourceTree = "<group>"; };
		689734E028B83F7E00744B2E /* MeetPerformance.swift */ = {isa = PBXFileReference; lastKnownFileType = sourcecode.swift; path = MeetPerformance.swift; sourceTree = "<group>"; };
		689734E228B8400300744B2E /* MeetPerformanceList.swift */ = {isa = PBXFileReference; lastKnownFileType = sourcecode.swift; path = MeetPerformanceList.swift; sourceTree = "<group>"; };
		689734E428B8404300744B2E /* MeetPerformanceView.swift */ = {isa = PBXFileReference; lastKnownFileType = sourcecode.swift; path = MeetPerformanceView.swift; sourceTree = "<group>"; };
		689734E728B8492000744B2E /* MeetSplitsForRunnerResponse.swift */ = {isa = PBXFileReference; lastKnownFileType = sourcecode.swift; path = MeetSplitsForRunnerResponse.swift; sourceTree = "<group>"; };
		689734E928B84A0800744B2E /* MeetSplit.swift */ = {isa = PBXFileReference; lastKnownFileType = sourcecode.swift; path = MeetSplit.swift; sourceTree = "<group>"; };
		689734EB28B84A8B00744B2E /* Splits.swift */ = {isa = PBXFileReference; lastKnownFileType = sourcecode.swift; path = Splits.swift; sourceTree = "<group>"; };
		689734EE28B84BB600744B2E /* GetMeetSplitsView.swift */ = {isa = PBXFileReference; lastKnownFileType = sourcecode.swift; path = GetMeetSplitsView.swift; sourceTree = "<group>"; };
		689734F028B84C7800744B2E /* MeetSplitView.swift */ = {isa = PBXFileReference; lastKnownFileType = sourcecode.swift; path = MeetSplitView.swift; sourceTree = "<group>"; };
		689734F228B8CDE600744B2E /* MeetSplitsList.swift */ = {isa = PBXFileReference; lastKnownFileType = sourcecode.swift; path = MeetSplitsList.swift; sourceTree = "<group>"; };
		689734F528BA5B3F00744B2E /* ImprovedUpon.swift */ = {isa = PBXFileReference; lastKnownFileType = sourcecode.swift; path = ImprovedUpon.swift; sourceTree = "<group>"; };
		689734F828BA5EDB00744B2E /* MeetSumaryResponse.swift */ = {isa = PBXFileReference; lastKnownFileType = sourcecode.swift; path = MeetSumaryResponse.swift; sourceTree = "<group>"; };
		689734FA28BA5F2800744B2E /* PRsCount.swift */ = {isa = PBXFileReference; lastKnownFileType = sourcecode.swift; path = PRsCount.swift; sourceTree = "<group>"; };
		689734FD28BA60F400744B2E /* GetMeetSummaryView.swift */ = {isa = PBXFileReference; lastKnownFileType = sourcecode.swift; path = GetMeetSummaryView.swift; sourceTree = "<group>"; };
		689734FF28BA632D00744B2E /* MeetSummaryPerformanceList.swift */ = {isa = PBXFileReference; lastKnownFileType = sourcecode.swift; path = MeetSummaryPerformanceList.swift; sourceTree = "<group>"; };
		6897350128BA63EA00744B2E /* MeetSummaryPRsView.swift */ = {isa = PBXFileReference; lastKnownFileType = sourcecode.swift; path = MeetSummaryPRsView.swift; sourceTree = "<group>"; };
		6897350328BA64A900744B2E /* PerformanceViewWithImprovement.swift */ = {isa = PBXFileReference; lastKnownFileType = sourcecode.swift; path = PerformanceViewWithImprovement.swift; sourceTree = "<group>"; };
		6897350628BA956000744B2E /* SBsCount.swift */ = {isa = PBXFileReference; lastKnownFileType = sourcecode.swift; path = SBsCount.swift; sourceTree = "<group>"; };
		6897350A28BA98CA00744B2E /* MeetSummarySBsView.swift */ = {isa = PBXFileReference; lastKnownFileType = sourcecode.swift; path = MeetSummarySBsView.swift; sourceTree = "<group>"; };
		6897350C28BAA1E000744B2E /* MeetYearToYearProgression.swift */ = {isa = PBXFileReference; lastKnownFileType = sourcecode.swift; path = MeetYearToYearProgression.swift; sourceTree = "<group>"; };
		6897350E28BAA28500744B2E /* FasterProgression.swift */ = {isa = PBXFileReference; lastKnownFileType = sourcecode.swift; path = FasterProgression.swift; sourceTree = "<group>"; };
		6897351028BAA34100744B2E /* ProgressionData.swift */ = {isa = PBXFileReference; lastKnownFileType = sourcecode.swift; path = ProgressionData.swift; sourceTree = "<group>"; };
		6897351228BAA5D600744B2E /* MeeSummaryYearToYearProgressionView.swift */ = {isa = PBXFileReference; lastKnownFileType = sourcecode.swift; path = MeeSummaryYearToYearProgressionView.swift; sourceTree = "<group>"; };
		6897351428BAA68100744B2E /* MeetYearToYearProgressionList.swift */ = {isa = PBXFileReference; lastKnownFileType = sourcecode.swift; path = MeetYearToYearProgressionList.swift; sourceTree = "<group>"; };
		6897351628BAABE800744B2E /* ProgressionList.swift */ = {isa = PBXFileReference; lastKnownFileType = sourcecode.swift; path = ProgressionList.swift; sourceTree = "<group>"; };
		6897351828BAADA200744B2E /* ProgressionView.swift */ = {isa = PBXFileReference; lastKnownFileType = sourcecode.swift; path = ProgressionView.swift; sourceTree = "<group>"; };
		6897351C28BBB28100744B2E /* MeetSplitStatisticResponse.swift */ = {isa = PBXFileReference; lastKnownFileType = sourcecode.swift; path = MeetSplitStatisticResponse.swift; sourceTree = "<group>"; };
		6897352028BBB2B100744B2E /* MeetSplitSummaryStat.swift */ = {isa = PBXFileReference; lastKnownFileType = sourcecode.swift; path = MeetSplitSummaryStat.swift; sourceTree = "<group>"; };
		6897352228BBB46300744B2E /* MeetSplitSummaryView.swift */ = {isa = PBXFileReference; lastKnownFileType = sourcecode.swift; path = MeetSplitSummaryView.swift; sourceTree = "<group>"; };
		6897352428BBE61000744B2E /* SummaryImprovementLastMeet.swift */ = {isa = PBXFileReference; lastKnownFileType = sourcecode.swift; path = SummaryImprovementLastMeet.swift; sourceTree = "<group>"; };
		6897352628BBE96200744B2E /* MeetToMeetProgressions.swift */ = {isa = PBXFileReference; lastKnownFileType = sourcecode.swift; path = MeetToMeetProgressions.swift; sourceTree = "<group>"; };
		6897352828BBE9A300744B2E /* ImprovementRateDTO.swift */ = {isa = PBXFileReference; lastKnownFileType = sourcecode.swift; path = ImprovementRateDTO.swift; sourceTree = "<group>"; };
		6897352A28BBF0D500744B2E /* GetImprovementFromLastMeetView.swift */ = {isa = PBXFileReference; lastKnownFileType = sourcecode.swift; path = GetImprovementFromLastMeetView.swift; sourceTree = "<group>"; };
		6897352C28BBF1A400744B2E /* MeetToMeetProgressionList.swift */ = {isa = PBXFileReference; lastKnownFileType = sourcecode.swift; path = MeetToMeetProgressionList.swift; sourceTree = "<group>"; };
		6897352E28BBF8B400744B2E /* MeetToMeetProgressionView.swift */ = {isa = PBXFileReference; lastKnownFileType = sourcecode.swift; path = MeetToMeetProgressionView.swift; sourceTree = "<group>"; };
		6897353A28BC00DA00744B2E /* Extension.swift */ = {isa = PBXFileReference; lastKnownFileType = sourcecode.swift; path = Extension.swift; sourceTree = "<group>"; };
		6897353D28BED56B00744B2E /* RunnerProfileResponse.swift */ = {isa = PBXFileReference; lastKnownFileType = sourcecode.swift; path = RunnerProfileResponse.swift; sourceTree = "<group>"; };
		6897354128BED70E00744B2E /* GetRunnerProfileView.swift */ = {isa = PBXFileReference; lastKnownFileType = sourcecode.swift; path = GetRunnerProfileView.swift; sourceTree = "<group>"; };
		6897354328BEDE6900744B2E /* RunnerProfile.swift */ = {isa = PBXFileReference; lastKnownFileType = sourcecode.swift; path = RunnerProfile.swift; sourceTree = "<group>"; };
		6897354528BEE03500744B2E /* RunnerProfileSeasonBestDTO.swift */ = {isa = PBXFileReference; lastKnownFileType = sourcecode.swift; path = RunnerProfileSeasonBestDTO.swift; sourceTree = "<group>"; };
		6897354728BEE37000744B2E /* MostConsistentRaceDTO.swift */ = {isa = PBXFileReference; lastKnownFileType = sourcecode.swift; path = MostConsistentRaceDTO.swift; sourceTree = "<group>"; };
		6897354928BEE41D00744B2E /* RaceConsistencyRankDTO.swift */ = {isa = PBXFileReference; lastKnownFileType = sourcecode.swift; path = RaceConsistencyRankDTO.swift; sourceTree = "<group>"; };
		6897354B28BEE50300744B2E /* ProgressionRankDTO.swift */ = {isa = PBXFileReference; lastKnownFileType = sourcecode.swift; path = ProgressionRankDTO.swift; sourceTree = "<group>"; };
		6897354D28BEE78F00744B2E /* RunnerProfilePR.swift */ = {isa = PBXFileReference; lastKnownFileType = sourcecode.swift; path = RunnerProfilePR.swift; sourceTree = "<group>"; };
		6897354F28BF752600744B2E /* MeetResultList.swift */ = {isa = PBXFileReference; lastKnownFileType = sourcecode.swift; path = MeetResultList.swift; sourceTree = "<group>"; };
		6897355128BF755F00744B2E /* MeetResultView.swift */ = {isa = PBXFileReference; lastKnownFileType = sourcecode.swift; path = MeetResultView.swift; sourceTree = "<group>"; };
		6897355328BF876E00744B2E /* SeasonBestProfileView.swift */ = {isa = PBXFileReference; lastKnownFileType = sourcecode.swift; path = SeasonBestProfileView.swift; sourceTree = "<group>"; };
		6897355528BF890500744B2E /* RunnerProfileSplitsView.swift */ = {isa = PBXFileReference; lastKnownFileType = sourcecode.swift; path = RunnerProfileSplitsView.swift; sourceTree = "<group>"; };
		6897355928BFA37800744B2E /* PRRunnerProfileView.swift */ = {isa = PBXFileReference; lastKnownFileType = sourcecode.swift; path = PRRunnerProfileView.swift; sourceTree = "<group>"; };
		6897355C28BFA8D400744B2E /* CustomDivider.swift */ = {isa = PBXFileReference; lastKnownFileType = sourcecode.swift; path = CustomDivider.swift; sourceTree = "<group>"; };
		6897355E28BFB09400744B2E /* TimeTrialProgressionView.swift */ = {isa = PBXFileReference; lastKnownFileType = sourcecode.swift; path = TimeTrialProgressionView.swift; sourceTree = "<group>"; };
		6897356028BFB20A00744B2E /* AdjustedTimeTrialView.swift */ = {isa = PBXFileReference; lastKnownFileType = sourcecode.swift; path = AdjustedTimeTrialView.swift; sourceTree = "<group>"; };
		6897356228BFB2D900744B2E /* RaceConsistencyRankView.swift */ = {isa = PBXFileReference; lastKnownFileType = sourcecode.swift; path = RaceConsistencyRankView.swift; sourceTree = "<group>"; };
		68B4C42728C0C43C00C38553 /* MeetResultsForRunnerResponse.swift */ = {isa = PBXFileReference; lastKnownFileType = sourcecode.swift; path = MeetResultsForRunnerResponse.swift; sourceTree = "<group>"; };
		68B4C42928C0C46E00C38553 /* RunnerMeetPerformanceDTO.swift */ = {isa = PBXFileReference; lastKnownFileType = sourcecode.swift; path = RunnerMeetPerformanceDTO.swift; sourceTree = "<group>"; };
		68B4C42B28C0C6F700C38553 /* GetMeetResultsForRunnerView.swift */ = {isa = PBXFileReference; lastKnownFileType = sourcecode.swift; path = GetMeetResultsForRunnerView.swift; sourceTree = "<group>"; };
/* End PBXFileReference section */

/* Begin PBXFrameworksBuildPhase section */
		684C5EA628A90B66000C0271 /* Frameworks */ = {
			isa = PBXFrameworksBuildPhase;
			buildActionMask = 2147483647;
			files = (
				680C195128CE4F94006D1CD2 /* SwiftUICharts in Frameworks */,
			);
			runOnlyForDeploymentPostprocessing = 0;
		};
/* End PBXFrameworksBuildPhase section */

/* Begin PBXGroup section */
		680C194128CD4963006D1CD2 /* MeetSplitsTTest */ = {
			isa = PBXGroup;
			children = (
				680C194228CD49D4006D1CD2 /* TTestDTO.swift */,
			);
			path = MeetSplitsTTest;
			sourceTree = "<group>";
		};
		680C194428CD49F2006D1CD2 /* StatisticalComparison */ = {
			isa = PBXGroup;
			children = (
				680C194528CD4A0E006D1CD2 /* StatisticalComparisonDTO.swift */,
				680C194828CD4B09006D1CD2 /* TTestResult.swift */,
			);
			path = StatisticalComparison;
			sourceTree = "<group>";
		};
		680C194B28CD4EBE006D1CD2 /* SeasonComparisonView */ = {
			isa = PBXGroup;
			children = (
				680C194C28CD4EF7006D1CD2 /* MeetSplitsComparisonView */,
			);
			path = SeasonComparisonView;
			sourceTree = "<group>";
		};
		680C194C28CD4EF7006D1CD2 /* MeetSplitsComparisonView */ = {
			isa = PBXGroup;
			children = (
				680C194D28CD4F0B006D1CD2 /* MeetSplitsComparisonView.swift */,
				680C195828CF6237006D1CD2 /* MeetSplitsComparisonChart.swift */,
			);
			path = MeetSplitsComparisonView;
			sourceTree = "<group>";
		};
		682255F228C17F070080B935 /* Loading */ = {
			isa = PBXGroup;
			children = (
				682255F328C17F160080B935 /* LoadingView.swift */,
			);
			path = Loading;
			sourceTree = "<group>";
		};
		682255F528C180A10080B935 /* AggregateStats */ = {
			isa = PBXGroup;
			children = (
				682255F628C180BB0080B935 /* AggregateStatsResponse.swift */,
				682255F828C181540080B935 /* AggregatePRStats.swift */,
			);
			path = AggregateStats;
			sourceTree = "<group>";
		};
		682255FA28C1882F0080B935 /* AggregateStats */ = {
			isa = PBXGroup;
			children = (
				682255FB28C1884D0080B935 /* AggregateStatsView.swift */,
				682255FD28C188E30080B935 /* Statistic.swift */,
			);
			path = AggregateStats;
			sourceTree = "<group>";
		};
		682255FF28C245020080B935 /* HistoricallyCompareMeets */ = {
			isa = PBXGroup;
			children = (
				6822560028C245470080B935 /* HistoricalMeetComparisonResponse.swift */,
			);
			path = HistoricallyCompareMeets;
			sourceTree = "<group>";
		};
		6822560228C247260080B935 /* HistoricalMeetComparison */ = {
			isa = PBXGroup;
			children = (
				6822560328C2474C0080B935 /* GetHistoricalMeetComparisonView.swift */,
			);
			path = HistoricalMeetComparison;
			sourceTree = "<group>";
		};
		6822560528C26FE50080B935 /* TimeTrial */ = {
			isa = PBXGroup;
			children = (
				688DA4E928CA78B80056C1B8 /* CompareRunnersToPreviousYear */,
				688DA4E828CA78A00056C1B8 /* Progression */,
				688DA4E728CA788F0056C1B8 /* results */,
			);
			path = TimeTrial;
			sourceTree = "<group>";
		};
		6822560A28C2714F0080B935 /* TimeTrialResults */ = {
			isa = PBXGroup;
			children = (
				688DA4EE28CA7ADD0056C1B8 /* TimeTrialCompareRunnersToPreviousYear */,
				688DA4DE28C91F360056C1B8 /* TimeTrialProgression */,
				688DA4DD28C91F2A0056C1B8 /* TimeTrial */,
			);
			path = TimeTrialResults;
			sourceTree = "<group>";
		};
		684C5EA028A90B66000C0271 = {
			isa = PBXGroup;
			children = (
				684C5EAB28A90B66000C0271 /* TestProject */,
				684C5EAA28A90B66000C0271 /* Products */,
			);
			sourceTree = "<group>";
		};
		684C5EAA28A90B66000C0271 /* Products */ = {
			isa = PBXGroup;
			children = (
				684C5EA928A90B66000C0271 /* UAXC.app */,
			);
			name = Products;
			sourceTree = "<group>";
		};
		684C5EAB28A90B66000C0271 /* TestProject */ = {
			isa = PBXGroup;
			children = (
				6852C89B28CB7FD8001851E1 /* GraphModels */,
				6897353728BC006100744B2E /* Extensions */,
				6895852F28B7FEC600AA4209 /* Client */,
				6895852E28B7FE9D00AA4209 /* DTOs */,
				6895852B28B7FE5300AA4209 /* Views */,
				6895852228B7AD4E00AA4209 /* Info.plist */,
				684C5EAC28A90B66000C0271 /* TestProjectApp.swift */,
				684C5EB028A90B6A000C0271 /* Assets.xcassets */,
				684C5EB228A90B6A000C0271 /* Preview Content */,
			);
			path = TestProject;
			sourceTree = "<group>";
		};
		684C5EB228A90B6A000C0271 /* Preview Content */ = {
			isa = PBXGroup;
			children = (
				684C5EB328A90B6A000C0271 /* Preview Assets.xcassets */,
			);
			path = "Preview Content";
			sourceTree = "<group>";
		};
		6852C89728CB7FA0001851E1 /* Graphs */ = {
			isa = PBXGroup;
			children = (
				6852C89828CB7FA8001851E1 /* BarCharts */,
			);
			path = Graphs;
			sourceTree = "<group>";
		};
		6852C89828CB7FA8001851E1 /* BarCharts */ = {
			isa = PBXGroup;
			children = (
				6852C89F28CB839F001851E1 /* BarChartView.swift */,
				680C195228CE50AA006D1CD2 /* SideBySideBarChart.swift */,
			);
			path = BarCharts;
			sourceTree = "<group>";
		};
		6852C89B28CB7FD8001851E1 /* GraphModels */ = {
			isa = PBXGroup;
			children = (
				6852C89C28CB7FE3001851E1 /* BarChart */,
			);
			path = GraphModels;
			sourceTree = "<group>";
		};
		6852C89C28CB7FE3001851E1 /* BarChart */ = {
			isa = PBXGroup;
			children = (
				6852C89D28CB7FEE001851E1 /* Bar.swift */,
				680C195428CE94EF006D1CD2 /* BarComparison.swift */,
				680C195628CE9588006D1CD2 /* MeetSplitBarComparison.swift */,
			);
			path = BarChart;
			sourceTree = "<group>";
		};
		688DA4C728C520690056C1B8 /* MeetInfo */ = {
			isa = PBXGroup;
			children = (
				688DA4C828C520770056C1B8 /* MeetInfoResponse.swift */,
				688DA4CC28C542FB0056C1B8 /* MeetsDTO.swift */,
			);
			path = MeetInfo;
			sourceTree = "<group>";
		};
		688DA4CE28C7A3A50056C1B8 /* Picker */ = {
			isa = PBXGroup;
			children = (
				688DA4CF28C7A3BF0056C1B8 /* SeasonPickerView.swift */,
				688DA4D128C7A4AB0056C1B8 /* MeetPickerView.swift */,
				688DA4D328C7A58A0056C1B8 /* SeasonAndMeetPickerView.swift */,
				688DA4D728C81DFC0056C1B8 /* RunnerPickerView.swift */,
			);
			path = Picker;
			sourceTree = "<group>";
		};
		688DA4DD28C91F2A0056C1B8 /* TimeTrial */ = {
			isa = PBXGroup;
			children = (
				6822560D28C2742A0080B935 /* TimeTrialDTOView.swift */,
				6822560B28C2715C0080B935 /* TimeTrialResultsView.swift */,
			);
			path = TimeTrial;
			sourceTree = "<group>";
		};
		688DA4DE28C91F360056C1B8 /* TimeTrialProgression */ = {
			isa = PBXGroup;
			children = (
				688DA4E128C9227F0056C1B8 /* TimeTrialToSBProgressionView.swift */,
				688DA4E328C924B70056C1B8 /* TimeTrialToSBResultView.swift */,
			);
			path = TimeTrialProgression;
			sourceTree = "<group>";
		};
		688DA4E728CA788F0056C1B8 /* results */ = {
			isa = PBXGroup;
			children = (
				6822560628C270110080B935 /* TimeTrialResultsResponse.swift */,
				6822560828C270200080B935 /* TimeTrialResultsDTO.swift */,
			);
			path = results;
			sourceTree = "<group>";
		};
		688DA4E828CA78A00056C1B8 /* Progression */ = {
			isa = PBXGroup;
			children = (
				688DA4D928C91D230056C1B8 /* TimeTrialProgressionResponse.swift */,
				688DA4E528C9286B0056C1B8 /* TimeTrialProgressions.swift */,
				688DA4DB28C91D610056C1B8 /* TimeTrialProgression.swift */,
			);
			path = Progression;
			sourceTree = "<group>";
		};
		688DA4E928CA78B80056C1B8 /* CompareRunnersToPreviousYear */ = {
			isa = PBXGroup;
			children = (
				688DA4EA28CA78E60056C1B8 /* TimeTrialCompareRunnersToPreviousearResponse.swift */,
				688DA4EC28CA79280056C1B8 /* RunnerTimeTrialComparisonToPreviousYearDTO.swift */,
			);
			path = CompareRunnersToPreviousYear;
			sourceTree = "<group>";
		};
		688DA4EE28CA7ADD0056C1B8 /* TimeTrialCompareRunnersToPreviousYear */ = {
			isa = PBXGroup;
			children = (
				688DA4EF28CA7B130056C1B8 /* TimeTrialReturningRunnersComparisonView.swift */,
				6852C89228CABE04001851E1 /* TimeTrialResultComparedToPreviousYearView.swift */,
				680C193F28CBB046006D1CD2 /* TimeTrialComparisonListView.swift */,
			);
			path = TimeTrialCompareRunnersToPreviousYear;
			sourceTree = "<group>";
		};
		6895852B28B7FE5300AA4209 /* Views */ = {
			isa = PBXGroup;
			children = (
				680C194B28CD4EBE006D1CD2 /* SeasonComparisonView */,
				6852C89728CB7FA0001851E1 /* Graphs */,
				6822560A28C2714F0080B935 /* TimeTrialResults */,
				688DA4CE28C7A3A50056C1B8 /* Picker */,
				6822560228C247260080B935 /* HistoricalMeetComparison */,
				682255FA28C1882F0080B935 /* AggregateStats */,
				682255F228C17F070080B935 /* Loading */,
				6897355B28BFA8C300744B2E /* Dividers */,
				6897354028BED6EA00744B2E /* Runner Profile */,
				6897350928BA985B00744B2E /* SBs */,
				6897350828BA978800744B2E /* Performance */,
				689734FC28BA60E100744B2E /* MeetSummaryView */,
				689734ED28B84BA100744B2E /* MeetSplitsView */,
				689734DD28B8071E00744B2E /* MeetResults */,
				6895852D28B7FE7F00AA4209 /* PRs */,
				6895852C28B7FE6C00AA4209 /* Main */,
			);
			path = Views;
			sourceTree = "<group>";
		};
		6895852C28B7FE6C00AA4209 /* Main */ = {
			isa = PBXGroup;
			children = (
				684C5EAE28A90B66000C0271 /* ContentView.swift */,
				680C195A28D10D43006D1CD2 /* LaunchScreen.storyboard */,
			);
			path = Main;
			sourceTree = "<group>";
		};
		6895852D28B7FE7F00AA4209 /* PRs */ = {
			isa = PBXGroup;
			children = (
				6895852928B7F70700AA4209 /* GetPRsView.swift */,
			);
			path = PRs;
			sourceTree = "<group>";
		};
		6895852E28B7FE9D00AA4209 /* DTOs */ = {
			isa = PBXGroup;
			children = (
				680C194428CD49F2006D1CD2 /* StatisticalComparison */,
				688DA4C728C520690056C1B8 /* MeetInfo */,
				6822560528C26FE50080B935 /* TimeTrial */,
				682255FF28C245020080B935 /* HistoricallyCompareMeets */,
				682255F528C180A10080B935 /* AggregateStats */,
				6897353C28BED55200744B2E /* RunnerProfile */,
				689734F728BA5EC400744B2E /* MeetSummary */,
				689734F428BA5B2C00744B2E /* ImprovedUpon */,
				689734E628B8490900744B2E /* MeetSplits */,
				6895853128B7FFDA00AA4209 /* MeetPerformance */,
				6895853028B7FFCB00AA4209 /* PRs */,
				682BF4F028B79EBC00A72AE1 /* MeetResult.swift */,
				682BF4F228B79ED300A72AE1 /* Runner.swift */,
				6897354B28BEE50300744B2E /* ProgressionRankDTO.swift */,
			);
			path = DTOs;
			sourceTree = "<group>";
		};
		6895852F28B7FEC600AA4209 /* Client */ = {
			isa = PBXGroup;
			children = (
				688B77FD28B5A1C2008B90F3 /* DataService.swift */,
			);
			path = Client;
			sourceTree = "<group>";
		};
		6895853028B7FFCB00AA4209 /* PRs */ = {
			isa = PBXGroup;
			children = (
				682BF4EC28B79E7100A72AE1 /* PRDTO.swift */,
				682BF4EE28B79EA200A72AE1 /* Performance.swift */,
			);
			path = PRs;
			sourceTree = "<group>";
		};
		6895853128B7FFDA00AA4209 /* MeetPerformance */ = {
			isa = PBXGroup;
			children = (
				6895853228B7FFFA00AA4209 /* MeetPerformanceResponse.swift */,
				689734E028B83F7E00744B2E /* MeetPerformance.swift */,
				68B4C42728C0C43C00C38553 /* MeetResultsForRunnerResponse.swift */,
				68B4C42928C0C46E00C38553 /* RunnerMeetPerformanceDTO.swift */,
			);
			path = MeetPerformance;
			sourceTree = "<group>";
		};
		689734DD28B8071E00744B2E /* MeetResults */ = {
			isa = PBXGroup;
			children = (
				689734DE28B8073E00744B2E /* GetMeetResultsView.swift */,
				689734E228B8400300744B2E /* MeetPerformanceList.swift */,
				689734E428B8404300744B2E /* MeetPerformanceView.swift */,
				6897354F28BF752600744B2E /* MeetResultList.swift */,
				6897355128BF755F00744B2E /* MeetResultView.swift */,
			);
			path = MeetResults;
			sourceTree = "<group>";
		};
		689734E628B8490900744B2E /* MeetSplits */ = {
			isa = PBXGroup;
			children = (
				680C194128CD4963006D1CD2 /* MeetSplitsTTest */,
				689734E728B8492000744B2E /* MeetSplitsForRunnerResponse.swift */,
				689734E928B84A0800744B2E /* MeetSplit.swift */,
				689734EB28B84A8B00744B2E /* Splits.swift */,
			);
			path = MeetSplits;
			sourceTree = "<group>";
		};
		689734ED28B84BA100744B2E /* MeetSplitsView */ = {
			isa = PBXGroup;
			children = (
				689734EE28B84BB600744B2E /* GetMeetSplitsView.swift */,
				689734F028B84C7800744B2E /* MeetSplitView.swift */,
				689734F228B8CDE600744B2E /* MeetSplitsList.swift */,
			);
			path = MeetSplitsView;
			sourceTree = "<group>";
		};
		689734F428BA5B2C00744B2E /* ImprovedUpon */ = {
			isa = PBXGroup;
			children = (
				689734F528BA5B3F00744B2E /* ImprovedUpon.swift */,
			);
			path = ImprovedUpon;
			sourceTree = "<group>";
		};
		689734F728BA5EC400744B2E /* MeetSummary */ = {
			isa = PBXGroup;
			children = (
				6897353228BBFEF000744B2E /* MeetSplits */,
				6897353128BBFEB500744B2E /* YearToYear */,
				6897353028BBFE9000744B2E /* MeetToMeet */,
				6897350628BA956000744B2E /* SBsCount.swift */,
				689734F828BA5EDB00744B2E /* MeetSumaryResponse.swift */,
				689734FA28BA5F2800744B2E /* PRsCount.swift */,
			);
			path = MeetSummary;
			sourceTree = "<group>";
		};
		689734FC28BA60E100744B2E /* MeetSummaryView */ = {
			isa = PBXGroup;
			children = (
				6897353628BBFF7A00744B2E /* Splits */,
				6897353528BBFF6400744B2E /* Performance */,
				6897353428BBFF4100744B2E /* YearToYearProgression */,
				6897353328BBFF1A00744B2E /* MeetToMeetProgression */,
				689734FD28BA60F400744B2E /* GetMeetSummaryView.swift */,
			);
			path = MeetSummaryView;
			sourceTree = "<group>";
		};
		6897350828BA978800744B2E /* Performance */ = {
			isa = PBXGroup;
			children = (
				6897350328BA64A900744B2E /* PerformanceViewWithImprovement.swift */,
				6895852528B7C6D000AA4209 /* PerformanceList.swift */,
				6895852328B7C3FA00AA4209 /* PerformanceView.swift */,
			);
			path = Performance;
			sourceTree = "<group>";
		};
		6897350928BA985B00744B2E /* SBs */ = {
			isa = PBXGroup;
			children = (
			);
			path = SBs;
			sourceTree = "<group>";
		};
		6897353028BBFE9000744B2E /* MeetToMeet */ = {
			isa = PBXGroup;
			children = (
				6897352428BBE61000744B2E /* SummaryImprovementLastMeet.swift */,
				6897352628BBE96200744B2E /* MeetToMeetProgressions.swift */,
				6897352828BBE9A300744B2E /* ImprovementRateDTO.swift */,
			);
			path = MeetToMeet;
			sourceTree = "<group>";
		};
		6897353128BBFEB500744B2E /* YearToYear */ = {
			isa = PBXGroup;
			children = (
				6897350C28BAA1E000744B2E /* MeetYearToYearProgression.swift */,
				6897350E28BAA28500744B2E /* FasterProgression.swift */,
				6897351028BAA34100744B2E /* ProgressionData.swift */,
				6897351628BAABE800744B2E /* ProgressionList.swift */,
			);
			path = YearToYear;
			sourceTree = "<group>";
		};
		6897353228BBFEF000744B2E /* MeetSplits */ = {
			isa = PBXGroup;
			children = (
				6897351C28BBB28100744B2E /* MeetSplitStatisticResponse.swift */,
				6897352028BBB2B100744B2E /* MeetSplitSummaryStat.swift */,
			);
			path = MeetSplits;
			sourceTree = "<group>";
		};
		6897353328BBFF1A00744B2E /* MeetToMeetProgression */ = {
			isa = PBXGroup;
			children = (
				6897352A28BBF0D500744B2E /* GetImprovementFromLastMeetView.swift */,
				6897352C28BBF1A400744B2E /* MeetToMeetProgressionList.swift */,
				6897352E28BBF8B400744B2E /* MeetToMeetProgressionView.swift */,
			);
			path = MeetToMeetProgression;
			sourceTree = "<group>";
		};
		6897353428BBFF4100744B2E /* YearToYearProgression */ = {
			isa = PBXGroup;
			children = (
				6897351828BAADA200744B2E /* ProgressionView.swift */,
				6897351228BAA5D600744B2E /* MeeSummaryYearToYearProgressionView.swift */,
				6897351428BAA68100744B2E /* MeetYearToYearProgressionList.swift */,
			);
			path = YearToYearProgression;
			sourceTree = "<group>";
		};
		6897353528BBFF6400744B2E /* Performance */ = {
			isa = PBXGroup;
			children = (
				6897350A28BA98CA00744B2E /* MeetSummarySBsView.swift */,
				6897350128BA63EA00744B2E /* MeetSummaryPRsView.swift */,
				689734FF28BA632D00744B2E /* MeetSummaryPerformanceList.swift */,
			);
			path = Performance;
			sourceTree = "<group>";
		};
		6897353628BBFF7A00744B2E /* Splits */ = {
			isa = PBXGroup;
			children = (
				6897352228BBB46300744B2E /* MeetSplitSummaryView.swift */,
			);
			path = Splits;
			sourceTree = "<group>";
		};
		6897353728BC006100744B2E /* Extensions */ = {
			isa = PBXGroup;
			children = (
				6897353A28BC00DA00744B2E /* Extension.swift */,
			);
			path = Extensions;
			sourceTree = "<group>";
		};
		6897353C28BED55200744B2E /* RunnerProfile */ = {
			isa = PBXGroup;
			children = (
				6897353D28BED56B00744B2E /* RunnerProfileResponse.swift */,
				6897354328BEDE6900744B2E /* RunnerProfile.swift */,
				6897354528BEE03500744B2E /* RunnerProfileSeasonBestDTO.swift */,
				6897354728BEE37000744B2E /* MostConsistentRaceDTO.swift */,
				6897354928BEE41D00744B2E /* RaceConsistencyRankDTO.swift */,
				6897354D28BEE78F00744B2E /* RunnerProfilePR.swift */,
			);
			path = RunnerProfile;
			sourceTree = "<group>";
		};
		6897354028BED6EA00744B2E /* Runner Profile */ = {
			isa = PBXGroup;
			children = (
				6897354128BED70E00744B2E /* GetRunnerProfileView.swift */,
				6897355328BF876E00744B2E /* SeasonBestProfileView.swift */,
				6897355528BF890500744B2E /* RunnerProfileSplitsView.swift */,
				6897355928BFA37800744B2E /* PRRunnerProfileView.swift */,
				6897355E28BFB09400744B2E /* TimeTrialProgressionView.swift */,
				6897356028BFB20A00744B2E /* AdjustedTimeTrialView.swift */,
				6897356228BFB2D900744B2E /* RaceConsistencyRankView.swift */,
				68B4C42B28C0C6F700C38553 /* GetMeetResultsForRunnerView.swift */,
			);
			path = "Runner Profile";
			sourceTree = "<group>";
		};
		6897355B28BFA8C300744B2E /* Dividers */ = {
			isa = PBXGroup;
			children = (
				6897355C28BFA8D400744B2E /* CustomDivider.swift */,
			);
			path = Dividers;
			sourceTree = "<group>";
		};
/* End PBXGroup section */

/* Begin PBXNativeTarget section */
		684C5EA828A90B66000C0271 /* UAXC */ = {
			isa = PBXNativeTarget;
			buildConfigurationList = 684C5EB728A90B6A000C0271 /* Build configuration list for PBXNativeTarget "UAXC" */;
			buildPhases = (
				684C5EA528A90B66000C0271 /* Sources */,
				684C5EA628A90B66000C0271 /* Frameworks */,
				684C5EA728A90B66000C0271 /* Resources */,
			);
			buildRules = (
			);
			dependencies = (
			);
			name = UAXC;
			packageProductDependencies = (
				680C195028CE4F94006D1CD2 /* SwiftUICharts */,
			);
			productName = TestProject;
			productReference = 684C5EA928A90B66000C0271 /* UAXC.app */;
			productType = "com.apple.product-type.application";
		};
/* End PBXNativeTarget section */

/* Begin PBXProject section */
		684C5EA128A90B66000C0271 /* Project object */ = {
			isa = PBXProject;
			attributes = {
				BuildIndependentTargetsInParallel = 1;
				LastSwiftUpdateCheck = 1340;
				LastUpgradeCheck = 1340;
				TargetAttributes = {
					684C5EA828A90B66000C0271 = {
						CreatedOnToolsVersion = 13.4.1;
					};
				};
			};
			buildConfigurationList = 684C5EA428A90B66000C0271 /* Build configuration list for PBXProject "UAXC" */;
			compatibilityVersion = "Xcode 13.0";
			developmentRegion = en;
			hasScannedForEncodings = 0;
			knownRegions = (
				en,
				Base,
			);
			mainGroup = 684C5EA028A90B66000C0271;
			packageReferences = (
				680C194F28CE4F94006D1CD2 /* XCRemoteSwiftPackageReference "ChartView" */,
			);
			productRefGroup = 684C5EAA28A90B66000C0271 /* Products */;
			projectDirPath = "";
			projectRoot = "";
			targets = (
				684C5EA828A90B66000C0271 /* UAXC */,
			);
		};
/* End PBXProject section */

/* Begin PBXResourcesBuildPhase section */
		684C5EA728A90B66000C0271 /* Resources */ = {
			isa = PBXResourcesBuildPhase;
			buildActionMask = 2147483647;
			files = (
				680C195B28D10D44006D1CD2 /* LaunchScreen.storyboard in Resources */,
				684C5EB428A90B6A000C0271 /* Preview Assets.xcassets in Resources */,
				684C5EB128A90B6A000C0271 /* Assets.xcassets in Resources */,
			);
			runOnlyForDeploymentPostprocessing = 0;
		};
/* End PBXResourcesBuildPhase section */

/* Begin PBXSourcesBuildPhase section */
		684C5EA528A90B66000C0271 /* Sources */ = {
			isa = PBXSourcesBuildPhase;
			buildActionMask = 2147483647;
			files = (
				6897350D28BAA1E000744B2E /* MeetYearToYearProgression.swift in Sources */,
				6897352328BBB46300744B2E /* MeetSplitSummaryView.swift in Sources */,
				6897353B28BC00DA00744B2E /* Extension.swift in Sources */,
				689734F128B84C7800744B2E /* MeetSplitView.swift in Sources */,
				6822560128C245470080B935 /* HistoricalMeetComparisonResponse.swift in Sources */,
				6822560728C270110080B935 /* TimeTrialResultsResponse.swift in Sources */,
				680C194628CD4A0E006D1CD2 /* StatisticalComparisonDTO.swift in Sources */,
				6897350428BA64A900744B2E /* PerformanceViewWithImprovement.swift in Sources */,
				688DA4E628C9286B0056C1B8 /* TimeTrialProgressions.swift in Sources */,
				689734DF28B8073E00744B2E /* GetMeetResultsView.swift in Sources */,
				688DA4D028C7A3BF0056C1B8 /* SeasonPickerView.swift in Sources */,
				689734E328B8400300744B2E /* MeetPerformanceList.swift in Sources */,
				6897354428BEDE6900744B2E /* RunnerProfile.swift in Sources */,
				682255F728C180BB0080B935 /* AggregateStatsResponse.swift in Sources */,
				6897354E28BEE78F00744B2E /* RunnerProfilePR.swift in Sources */,
				680C195728CE9588006D1CD2 /* MeetSplitBarComparison.swift in Sources */,
				6897351928BAADA200744B2E /* ProgressionView.swift in Sources */,
				6897352928BBE9A300744B2E /* ImprovementRateDTO.swift in Sources */,
				6897354228BED70E00744B2E /* GetRunnerProfileView.swift in Sources */,
				689734E828B8492000744B2E /* MeetSplitsForRunnerResponse.swift in Sources */,
				6897356128BFB20A00744B2E /* AdjustedTimeTrialView.swift in Sources */,
				682BF4F128B79EBD00A72AE1 /* MeetResult.swift in Sources */,
				688DA4F028CA7B130056C1B8 /* TimeTrialReturningRunnersComparisonView.swift in Sources */,
				68B4C42A28C0C46E00C38553 /* RunnerMeetPerformanceDTO.swift in Sources */,
				689734FE28BA60F400744B2E /* GetMeetSummaryView.swift in Sources */,
				682255FE28C188E30080B935 /* Statistic.swift in Sources */,
				6897355628BF890500744B2E /* RunnerProfileSplitsView.swift in Sources */,
				6897352B28BBF0D500744B2E /* GetImprovementFromLastMeetView.swift in Sources */,
				689734EC28B84A8B00744B2E /* Splits.swift in Sources */,
				6822560E28C2742A0080B935 /* TimeTrialDTOView.swift in Sources */,
				6897354628BEE03500744B2E /* RunnerProfileSeasonBestDTO.swift in Sources */,
				680C194928CD4B09006D1CD2 /* TTestResult.swift in Sources */,
				682255F428C17F160080B935 /* LoadingView.swift in Sources */,
				6897350028BA632D00744B2E /* MeetSummaryPerformanceList.swift in Sources */,
				688DA4D228C7A4AB0056C1B8 /* MeetPickerView.swift in Sources */,
				688DA4ED28CA79280056C1B8 /* RunnerTimeTrialComparisonToPreviousYearDTO.swift in Sources */,
				680C194328CD49D4006D1CD2 /* TTestDTO.swift in Sources */,
				6897350228BA63EA00744B2E /* MeetSummaryPRsView.swift in Sources */,
				6897353E28BED56C00744B2E /* RunnerProfileResponse.swift in Sources */,
				688B77FE28B5A1C2008B90F3 /* DataService.swift in Sources */,
				6897350B28BA98CA00744B2E /* MeetSummarySBsView.swift in Sources */,
				6897352128BBB2B100744B2E /* MeetSplitSummaryStat.swift in Sources */,
				684C5EAF28A90B66000C0271 /* ContentView.swift in Sources */,
				684C5EAD28A90B66000C0271 /* TestProjectApp.swift in Sources */,
				6897355D28BFA8D400744B2E /* CustomDivider.swift in Sources */,
				6897354A28BEE41D00744B2E /* RaceConsistencyRankDTO.swift in Sources */,
				6897354828BEE37000744B2E /* MostConsistentRaceDTO.swift in Sources */,
				6895852428B7C3FA00AA4209 /* PerformanceView.swift in Sources */,
				682BF4EF28B79EA200A72AE1 /* Performance.swift in Sources */,
				682BF4ED28B79E7100A72AE1 /* PRDTO.swift in Sources */,
				6897355A28BFA37800744B2E /* PRRunnerProfileView.swift in Sources */,
				6852C89E28CB7FEE001851E1 /* Bar.swift in Sources */,
				6897352D28BBF1A400744B2E /* MeetToMeetProgressionList.swift in Sources */,
				6897351128BAA34100744B2E /* ProgressionData.swift in Sources */,
				688DA4C928C520770056C1B8 /* MeetInfoResponse.swift in Sources */,
				688DA4DC28C91D610056C1B8 /* TimeTrialProgression.swift in Sources */,
				6897350F28BAA28500744B2E /* FasterProgression.swift in Sources */,
				680C195528CE94EF006D1CD2 /* BarComparison.swift in Sources */,
				688DA4CD28C542FB0056C1B8 /* MeetsDTO.swift in Sources */,
				680C194E28CD4F0B006D1CD2 /* MeetSplitsComparisonView.swift in Sources */,
				6895853328B7FFFA00AA4209 /* MeetPerformanceResponse.swift in Sources */,
				682255FC28C1884D0080B935 /* AggregateStatsView.swift in Sources */,
				6897352528BBE61000744B2E /* SummaryImprovementLastMeet.swift in Sources */,
				688DA4D428C7A58A0056C1B8 /* SeasonAndMeetPickerView.swift in Sources */,
				6897350728BA956000744B2E /* SBsCount.swift in Sources */,
				688DA4E228C922800056C1B8 /* TimeTrialToSBProgressionView.swift in Sources */,
				6897351328BAA5D600744B2E /* MeeSummaryYearToYearProgressionView.swift in Sources */,
				688DA4E428C924B70056C1B8 /* TimeTrialToSBResultView.swift in Sources */,
				6897354C28BEE50300744B2E /* ProgressionRankDTO.swift in Sources */,
				688DA4DA28C91D230056C1B8 /* TimeTrialProgressionResponse.swift in Sources */,
				6822560428C2474C0080B935 /* GetHistoricalMeetComparisonView.swift in Sources */,
				689734F628BA5B3F00744B2E /* ImprovedUpon.swift in Sources */,
				6897356328BFB2D900744B2E /* RaceConsistencyRankView.swift in Sources */,
				689734E128B83F7E00744B2E /* MeetPerformance.swift in Sources */,
				688DA4D828C81DFC0056C1B8 /* RunnerPickerView.swift in Sources */,
				6895852628B7C6D000AA4209 /* PerformanceList.swift in Sources */,
				689734EF28B84BB600744B2E /* GetMeetSplitsView.swift in Sources */,
				68B4C42C28C0C6F700C38553 /* GetMeetResultsForRunnerView.swift in Sources */,
				6822560C28C2715C0080B935 /* TimeTrialResultsView.swift in Sources */,
				689734E528B8404300744B2E /* MeetPerformanceView.swift in Sources */,
				682BF4F328B79ED300A72AE1 /* Runner.swift in Sources */,
				680C194028CBB046006D1CD2 /* TimeTrialComparisonListView.swift in Sources */,
				68B4C42828C0C43C00C38553 /* MeetResultsForRunnerResponse.swift in Sources */,
				6897355428BF876E00744B2E /* SeasonBestProfileView.swift in Sources */,
				6852C8A028CB839F001851E1 /* BarChartView.swift in Sources */,
				6897355228BF755F00744B2E /* MeetResultView.swift in Sources */,
				689734F328B8CDE600744B2E /* MeetSplitsList.swift in Sources */,
				6895852A28B7F70700AA4209 /* GetPRsView.swift in Sources */,
				6822560928C270200080B935 /* TimeTrialResultsDTO.swift in Sources */,
				6897351D28BBB28100744B2E /* MeetSplitStatisticResponse.swift in Sources */,
				680C195328CE50AA006D1CD2 /* SideBySideBarChart.swift in Sources */,
				6897351528BAA68100744B2E /* MeetYearToYearProgressionList.swift in Sources */,
				689734F928BA5EDB00744B2E /* MeetSumaryResponse.swift in Sources */,
				688DA4EB28CA78E60056C1B8 /* TimeTrialCompareRunnersToPreviousearResponse.swift in Sources */,
				6897352F28BBF8B400744B2E /* MeetToMeetProgressionView.swift in Sources */,
				682255F928C181540080B935 /* AggregatePRStats.swift in Sources */,
				6852C89328CABE04001851E1 /* TimeTrialResultComparedToPreviousYearView.swift in Sources */,
				680C195928CF6237006D1CD2 /* MeetSplitsComparisonChart.swift in Sources */,
				689734EA28B84A0800744B2E /* MeetSplit.swift in Sources */,
				689734FB28BA5F2800744B2E /* PRsCount.swift in Sources */,
				6897355028BF752600744B2E /* MeetResultList.swift in Sources */,
				6897352728BBE96200744B2E /* MeetToMeetProgressions.swift in Sources */,
				6897355F28BFB09400744B2E /* TimeTrialProgressionView.swift in Sources */,
				6897351728BAABE800744B2E /* ProgressionList.swift in Sources */,
			);
			runOnlyForDeploymentPostprocessing = 0;
		};
/* End PBXSourcesBuildPhase section */

/* Begin XCBuildConfiguration section */
		684C5EB528A90B6A000C0271 /* Debug */ = {
			isa = XCBuildConfiguration;
			buildSettings = {
				ALWAYS_SEARCH_USER_PATHS = NO;
				CLANG_ANALYZER_NONNULL = YES;
				CLANG_ANALYZER_NUMBER_OBJECT_CONVERSION = YES_AGGRESSIVE;
				CLANG_CXX_LANGUAGE_STANDARD = "gnu++17";
				CLANG_ENABLE_MODULES = YES;
				CLANG_ENABLE_OBJC_ARC = YES;
				CLANG_ENABLE_OBJC_WEAK = YES;
				CLANG_WARN_BLOCK_CAPTURE_AUTORELEASING = YES;
				CLANG_WARN_BOOL_CONVERSION = YES;
				CLANG_WARN_COMMA = YES;
				CLANG_WARN_CONSTANT_CONVERSION = YES;
				CLANG_WARN_DEPRECATED_OBJC_IMPLEMENTATIONS = YES;
				CLANG_WARN_DIRECT_OBJC_ISA_USAGE = YES_ERROR;
				CLANG_WARN_DOCUMENTATION_COMMENTS = YES;
				CLANG_WARN_EMPTY_BODY = YES;
				CLANG_WARN_ENUM_CONVERSION = YES;
				CLANG_WARN_INFINITE_RECURSION = YES;
				CLANG_WARN_INT_CONVERSION = YES;
				CLANG_WARN_NON_LITERAL_NULL_CONVERSION = YES;
				CLANG_WARN_OBJC_IMPLICIT_RETAIN_SELF = YES;
				CLANG_WARN_OBJC_LITERAL_CONVERSION = YES;
				CLANG_WARN_OBJC_ROOT_CLASS = YES_ERROR;
				CLANG_WARN_QUOTED_INCLUDE_IN_FRAMEWORK_HEADER = YES;
				CLANG_WARN_RANGE_LOOP_ANALYSIS = YES;
				CLANG_WARN_STRICT_PROTOTYPES = YES;
				CLANG_WARN_SUSPICIOUS_MOVE = YES;
				CLANG_WARN_UNGUARDED_AVAILABILITY = YES_AGGRESSIVE;
				CLANG_WARN_UNREACHABLE_CODE = YES;
				CLANG_WARN__DUPLICATE_METHOD_MATCH = YES;
				COPY_PHASE_STRIP = NO;
				DEBUG_INFORMATION_FORMAT = dwarf;
				ENABLE_STRICT_OBJC_MSGSEND = YES;
				ENABLE_TESTABILITY = YES;
				GCC_C_LANGUAGE_STANDARD = gnu11;
				GCC_DYNAMIC_NO_PIC = NO;
				GCC_NO_COMMON_BLOCKS = YES;
				GCC_OPTIMIZATION_LEVEL = 0;
				GCC_PREPROCESSOR_DEFINITIONS = (
					"DEBUG=1",
					"$(inherited)",
				);
				GCC_WARN_64_TO_32_BIT_CONVERSION = YES;
				GCC_WARN_ABOUT_RETURN_TYPE = YES_ERROR;
				GCC_WARN_UNDECLARED_SELECTOR = YES;
				GCC_WARN_UNINITIALIZED_AUTOS = YES_AGGRESSIVE;
				GCC_WARN_UNUSED_FUNCTION = YES;
				GCC_WARN_UNUSED_VARIABLE = YES;
				IPHONEOS_DEPLOYMENT_TARGET = 14.5;
				MTL_ENABLE_DEBUG_INFO = INCLUDE_SOURCE;
				MTL_FAST_MATH = YES;
				ONLY_ACTIVE_ARCH = YES;
				SDKROOT = iphoneos;
				SWIFT_ACTIVE_COMPILATION_CONDITIONS = DEBUG;
				SWIFT_OPTIMIZATION_LEVEL = "-Onone";
			};
			name = Debug;
		};
		684C5EB628A90B6A000C0271 /* Release */ = {
			isa = XCBuildConfiguration;
			buildSettings = {
				ALWAYS_SEARCH_USER_PATHS = NO;
				CLANG_ANALYZER_NONNULL = YES;
				CLANG_ANALYZER_NUMBER_OBJECT_CONVERSION = YES_AGGRESSIVE;
				CLANG_CXX_LANGUAGE_STANDARD = "gnu++17";
				CLANG_ENABLE_MODULES = YES;
				CLANG_ENABLE_OBJC_ARC = YES;
				CLANG_ENABLE_OBJC_WEAK = YES;
				CLANG_WARN_BLOCK_CAPTURE_AUTORELEASING = YES;
				CLANG_WARN_BOOL_CONVERSION = YES;
				CLANG_WARN_COMMA = YES;
				CLANG_WARN_CONSTANT_CONVERSION = YES;
				CLANG_WARN_DEPRECATED_OBJC_IMPLEMENTATIONS = YES;
				CLANG_WARN_DIRECT_OBJC_ISA_USAGE = YES_ERROR;
				CLANG_WARN_DOCUMENTATION_COMMENTS = YES;
				CLANG_WARN_EMPTY_BODY = YES;
				CLANG_WARN_ENUM_CONVERSION = YES;
				CLANG_WARN_INFINITE_RECURSION = YES;
				CLANG_WARN_INT_CONVERSION = YES;
				CLANG_WARN_NON_LITERAL_NULL_CONVERSION = YES;
				CLANG_WARN_OBJC_IMPLICIT_RETAIN_SELF = YES;
				CLANG_WARN_OBJC_LITERAL_CONVERSION = YES;
				CLANG_WARN_OBJC_ROOT_CLASS = YES_ERROR;
				CLANG_WARN_QUOTED_INCLUDE_IN_FRAMEWORK_HEADER = YES;
				CLANG_WARN_RANGE_LOOP_ANALYSIS = YES;
				CLANG_WARN_STRICT_PROTOTYPES = YES;
				CLANG_WARN_SUSPICIOUS_MOVE = YES;
				CLANG_WARN_UNGUARDED_AVAILABILITY = YES_AGGRESSIVE;
				CLANG_WARN_UNREACHABLE_CODE = YES;
				CLANG_WARN__DUPLICATE_METHOD_MATCH = YES;
				COPY_PHASE_STRIP = NO;
				DEBUG_INFORMATION_FORMAT = "dwarf-with-dsym";
				ENABLE_NS_ASSERTIONS = NO;
				ENABLE_STRICT_OBJC_MSGSEND = YES;
				GCC_C_LANGUAGE_STANDARD = gnu11;
				GCC_NO_COMMON_BLOCKS = YES;
				GCC_WARN_64_TO_32_BIT_CONVERSION = YES;
				GCC_WARN_ABOUT_RETURN_TYPE = YES_ERROR;
				GCC_WARN_UNDECLARED_SELECTOR = YES;
				GCC_WARN_UNINITIALIZED_AUTOS = YES_AGGRESSIVE;
				GCC_WARN_UNUSED_FUNCTION = YES;
				GCC_WARN_UNUSED_VARIABLE = YES;
				IPHONEOS_DEPLOYMENT_TARGET = 14.5;
				MTL_ENABLE_DEBUG_INFO = NO;
				MTL_FAST_MATH = YES;
				SDKROOT = iphoneos;
				SWIFT_COMPILATION_MODE = wholemodule;
				SWIFT_OPTIMIZATION_LEVEL = "-O";
				VALIDATE_PRODUCT = YES;
			};
			name = Release;
		};
		684C5EB828A90B6A000C0271 /* Debug */ = {
			isa = XCBuildConfiguration;
			buildSettings = {
				ASSETCATALOG_COMPILER_APPICON_NAME = AppIcon;
				ASSETCATALOG_COMPILER_GLOBAL_ACCENT_COLOR_NAME = AccentColor;
				CODE_SIGN_STYLE = Automatic;
				CURRENT_PROJECT_VERSION = 1;
				DEVELOPMENT_ASSET_PATHS = "\"TestProject/Preview Content\"";
				DEVELOPMENT_TEAM = XQ7AU99LPX;
				ENABLE_PREVIEWS = YES;
				GENERATE_INFOPLIST_FILE = YES;
				INFOPLIST_FILE = TestProject/Info.plist;
				INFOPLIST_KEY_CFBundleDisplayName = UAXC;
				INFOPLIST_KEY_UIApplicationSceneManifest_Generation = YES;
				INFOPLIST_KEY_UIApplicationSupportsIndirectInputEvents = YES;
				INFOPLIST_KEY_UILaunchScreen_Generation = YES;
				INFOPLIST_KEY_UILaunchStoryboardName = LaunchScreen;
				INFOPLIST_KEY_UISupportedInterfaceOrientations_iPad = "UIInterfaceOrientationPortrait UIInterfaceOrientationPortraitUpsideDown UIInterfaceOrientationLandscapeLeft UIInterfaceOrientationLandscapeRight";
				INFOPLIST_KEY_UISupportedInterfaceOrientations_iPhone = "UIInterfaceOrientationPortrait UIInterfaceOrientationLandscapeLeft UIInterfaceOrientationLandscapeRight";
				IPHONEOS_DEPLOYMENT_TARGET = 15.0;
				LD_RUNPATH_SEARCH_PATHS = (
					"$(inherited)",
					"@executable_path/Frameworks",
				);
				MARKETING_VERSION = 1.0.1;
				PRODUCT_BUNDLE_IDENTIFIER = "com.uaxc.uaxc-stats";
				PRODUCT_NAME = "$(TARGET_NAME)";
				SWIFT_EMIT_LOC_STRINGS = YES;
				SWIFT_VERSION = 5.0;
				TARGETED_DEVICE_FAMILY = "1,2";
			};
			name = Debug;
		};
		684C5EB928A90B6A000C0271 /* Release */ = {
			isa = XCBuildConfiguration;
			buildSettings = {
				ASSETCATALOG_COMPILER_APPICON_NAME = AppIcon;
				ASSETCATALOG_COMPILER_GLOBAL_ACCENT_COLOR_NAME = AccentColor;
				CODE_SIGN_STYLE = Automatic;
				CURRENT_PROJECT_VERSION = 1;
				DEVELOPMENT_ASSET_PATHS = "\"TestProject/Preview Content\"";
				DEVELOPMENT_TEAM = XQ7AU99LPX;
				ENABLE_PREVIEWS = YES;
				GENERATE_INFOPLIST_FILE = YES;
				INFOPLIST_FILE = TestProject/Info.plist;
				INFOPLIST_KEY_CFBundleDisplayName = UAXC;
				INFOPLIST_KEY_UIApplicationSceneManifest_Generation = YES;
				INFOPLIST_KEY_UIApplicationSupportsIndirectInputEvents = YES;
				INFOPLIST_KEY_UILaunchScreen_Generation = YES;
				INFOPLIST_KEY_UILaunchStoryboardName = LaunchScreen;
				INFOPLIST_KEY_UISupportedInterfaceOrientations_iPad = "UIInterfaceOrientationPortrait UIInterfaceOrientationPortraitUpsideDown UIInterfaceOrientationLandscapeLeft UIInterfaceOrientationLandscapeRight";
				INFOPLIST_KEY_UISupportedInterfaceOrientations_iPhone = "UIInterfaceOrientationPortrait UIInterfaceOrientationLandscapeLeft UIInterfaceOrientationLandscapeRight";
				IPHONEOS_DEPLOYMENT_TARGET = 15.0;
				LD_RUNPATH_SEARCH_PATHS = (
					"$(inherited)",
					"@executable_path/Frameworks",
				);
				MARKETING_VERSION = 1.0.1;
				PRODUCT_BUNDLE_IDENTIFIER = "com.uaxc.uaxc-stats";
				PRODUCT_NAME = "$(TARGET_NAME)";
				SWIFT_EMIT_LOC_STRINGS = YES;
				SWIFT_VERSION = 5.0;
				TARGETED_DEVICE_FAMILY = "1,2";
			};
			name = Release;
		};
/* End XCBuildConfiguration section */

/* Begin XCConfigurationList section */
		684C5EA428A90B66000C0271 /* Build configuration list for PBXProject "UAXC" */ = {
			isa = XCConfigurationList;
			buildConfigurations = (
				684C5EB528A90B6A000C0271 /* Debug */,
				684C5EB628A90B6A000C0271 /* Release */,
			);
			defaultConfigurationIsVisible = 0;
			defaultConfigurationName = Release;
		};
		684C5EB728A90B6A000C0271 /* Build configuration list for PBXNativeTarget "UAXC" */ = {
			isa = XCConfigurationList;
			buildConfigurations = (
				684C5EB828A90B6A000C0271 /* Debug */,
				684C5EB928A90B6A000C0271 /* Release */,
			);
			defaultConfigurationIsVisible = 0;
			defaultConfigurationName = Release;
		};
/* End XCConfigurationList section */

/* Begin XCRemoteSwiftPackageReference section */
		680C194F28CE4F94006D1CD2 /* XCRemoteSwiftPackageReference "ChartView" */ = {
			isa = XCRemoteSwiftPackageReference;
			repositoryURL = "https://github.com/AppPear/ChartView";
			requirement = {
				kind = upToNextMajorVersion;
				minimumVersion = 1.0.0;
			};
		};
/* End XCRemoteSwiftPackageReference section */

/* Begin XCSwiftPackageProductDependency section */
		680C195028CE4F94006D1CD2 /* SwiftUICharts */ = {
			isa = XCSwiftPackageProductDependency;
			package = 680C194F28CE4F94006D1CD2 /* XCRemoteSwiftPackageReference "ChartView" */;
			productName = SwiftUICharts;
		};
/* End XCSwiftPackageProductDependency section */
	};
	rootObject = 684C5EA128A90B66000C0271 /* Project object */;
}
